
Microsoft Visual Studio Solution File, Format Version 12.00
# Visual Studio Version 17
VisualStudioVersion = 17.5.33502.453
MinimumVisualStudioVersion = 10.0.40219.1
Project("{9A19103F-16F7-4668-BE54-9A1E7A4F7556}") = "Blazor.AzureCosmosDb.Demo", "Blazor.AzureCosmosDb.Demo\Blazor.AzureCosmosDb.Demo.csproj", "{42C95E3A-6449-4FD1-B532-59B64F13E759}"
EndProject
Project("{9A19103F-16F7-4668-BE54-9A1E7A4F7556}") = "learn-azure-app", "learn-azure-app\learn-azure-app.csproj", "{7C98A9EA-4111-4217-96DC-898FD13F5D00}"
EndProject
Project("{9A19103F-16F7-4668-BE54-9A1E7A4F7556}") = "Mvc.StorageAccount.Demo", "Mvc.StorageAccount.Demo\Mvc.StorageAccount.Demo.csproj", "{ECC3D3A1-0A66-4ECD-A716-B81316AE5F6E}"
EndProject
Project("{9A19103F-16F7-4668-BE54-9A1E7A4F7556}") = "Console.QueueConsumer.Demo", "Console.QueueConsumer.Demo\Console.QueueConsumer.Demo.csproj", "{F3F5D642-EC59-4B86-A53C-D4205334C794}"
EndProject
Project("{9A19103F-16F7-4668-BE54-9A1E7A4F7556}") = "Console.ServiceBusSender.Demo", "Console.ServiceBusSender.Demo\Console.ServiceBusSender.Demo.csproj", "{72DA6692-7FB8-476C-8682-6F2235BA3D8C}"
EndProject
Project("{9A19103F-16F7-4668-BE54-9A1E7A4F7556}") = "Console.ServiceBusReceiver.Demo", "Console.ServiceBusReceiver.Demo\Console.ServiceBusReceiver.Demo.csproj", "{3900549A-462B-4D24-9B47-1E0D049BDB2A}"
EndProject
Project("{9A19103F-16F7-4668-BE54-9A1E7A4F7556}") = "FunctionAppStudio.Demo", "FunctionAppStudio.Demo\FunctionAppStudio.Demo.csproj", "{E7F1FEC9-4A40-4028-82C9-A612E13F93B3}"
EndProject
Project("{FAE04EC0-301F-11D3-BF4B-00C04F79EFBC}") = "Microservice1Api.Containers.Demo", "Microservice1Api.Containers.Demo\Microservice1Api.Containers.Demo.csproj", "{047AD18B-C3DD-4FE2-B488-1826269BC22B}"
EndProject
Project("{FAE04EC0-301F-11D3-BF4B-00C04F79EFBC}") = "Microservice2Api.Containers.Demo", "Microservice2Api.Containers.Demo\Microservice2Api.Containers.Demo.csproj", "{B2DD0558-2CAD-436F-87FC-F25936BF0423}"
EndProject
Project("{E53339B2-1760-4266-BCC7-CA923CBCF16C}") = "docker-compose", "docker-compose.dcproj", "{B7DF5F80-6311-4F1B-8573-062D01C1C3C8}"
EndProject
Global
	GlobalSection(SolutionConfigurationPlatforms) = preSolution
		Debug|Any CPU = Debug|Any CPU
		Release|Any CPU = Release|Any CPU
	EndGlobalSection
	GlobalSection(ProjectConfigurationPlatforms) = postSolution
		{42C95E3A-6449-4FD1-B532-59B64F13E759}.Debug|Any CPU.ActiveCfg = Debug|Any CPU
		{42C95E3A-6449-4FD1-B532-59B64F13E759}.Debug|Any CPU.Build.0 = Debug|Any CPU
		{42C95E3A-6449-4FD1-B532-59B64F13E759}.Release|Any CPU.ActiveCfg = Release|Any CPU
		{42C95E3A-6449-4FD1-B532-59B64F13E759}.Release|Any CPU.Build.0 = Release|Any CPU
		{7C98A9EA-4111-4217-96DC-898FD13F5D00}.Debug|Any CPU.ActiveCfg = Debug|Any CPU
		{7C98A9EA-4111-4217-96DC-898FD13F5D00}.Debug|Any CPU.Build.0 = Debug|Any CPU
		{7C98A9EA-4111-4217-96DC-898FD13F5D00}.Release|Any CPU.ActiveCfg = Release|Any CPU
		{7C98A9EA-4111-4217-96DC-898FD13F5D00}.Release|Any CPU.Build.0 = Release|Any CPU
		{ECC3D3A1-0A66-4ECD-A716-B81316AE5F6E}.Debug|Any CPU.ActiveCfg = Debug|Any CPU
		{ECC3D3A1-0A66-4ECD-A716-B81316AE5F6E}.Debug|Any CPU.Build.0 = Debug|Any CPU
		{ECC3D3A1-0A66-4ECD-A716-B81316AE5F6E}.Release|Any CPU.ActiveCfg = Release|Any CPU
		{ECC3D3A1-0A66-4ECD-A716-B81316AE5F6E}.Release|Any CPU.Build.0 = Release|Any CPU
		{F3F5D642-EC59-4B86-A53C-D4205334C794}.Debug|Any CPU.ActiveCfg = Debug|Any CPU
		{F3F5D642-EC59-4B86-A53C-D4205334C794}.Debug|Any CPU.Build.0 = Debug|Any CPU
		{F3F5D642-EC59-4B86-A53C-D4205334C794}.Release|Any CPU.ActiveCfg = Release|Any CPU
		{F3F5D642-EC59-4B86-A53C-D4205334C794}.Release|Any CPU.Build.0 = Release|Any CPU
		{72DA6692-7FB8-476C-8682-6F2235BA3D8C}.Debug|Any CPU.ActiveCfg = Debug|Any CPU
		{72DA6692-7FB8-476C-8682-6F2235BA3D8C}.Debug|Any CPU.Build.0 = Debug|Any CPU
		{72DA6692-7FB8-476C-8682-6F2235BA3D8C}.Release|Any CPU.ActiveCfg = Release|Any CPU
		{72DA6692-7FB8-476C-8682-6F2235BA3D8C}.Release|Any CPU.Build.0 = Release|Any CPU
		{3900549A-462B-4D24-9B47-1E0D049BDB2A}.Debug|Any CPU.ActiveCfg = Debug|Any CPU
		{3900549A-462B-4D24-9B47-1E0D049BDB2A}.Debug|Any CPU.Build.0 = Debug|Any CPU
		{3900549A-462B-4D24-9B47-1E0D049BDB2A}.Release|Any CPU.ActiveCfg = Release|Any CPU
		{3900549A-462B-4D24-9B47-1E0D049BDB2A}.Release|Any CPU.Build.0 = Release|Any CPU
		{E7F1FEC9-4A40-4028-82C9-A612E13F93B3}.Debug|Any CPU.ActiveCfg = Debug|Any CPU
		{E7F1FEC9-4A40-4028-82C9-A612E13F93B3}.Debug|Any CPU.Build.0 = Debug|Any CPU
		{E7F1FEC9-4A40-4028-82C9-A612E13F93B3}.Release|Any CPU.ActiveCfg = Release|Any CPU
		{E7F1FEC9-4A40-4028-82C9-A612E13F93B3}.Release|Any CPU.Build.0 = Release|Any CPU
		{047AD18B-C3DD-4FE2-B488-1826269BC22B}.Debug|Any CPU.ActiveCfg = Debug|Any CPU
		{047AD18B-C3DD-4FE2-B488-1826269BC22B}.Debug|Any CPU.Build.0 = Debug|Any CPU
		{047AD18B-C3DD-4FE2-B488-1826269BC22B}.Release|Any CPU.ActiveCfg = Release|Any CPU
		{047AD18B-C3DD-4FE2-B488-1826269BC22B}.Release|Any CPU.Build.0 = Release|Any CPU
		{B2DD0558-2CAD-436F-87FC-F25936BF0423}.Debug|Any CPU.ActiveCfg = Debug|Any CPU
		{B2DD0558-2CAD-436F-87FC-F25936BF0423}.Debug|Any CPU.Build.0 = Debug|Any CPU
		{B2DD0558-2CAD-436F-87FC-F25936BF0423}.Release|Any CPU.ActiveCfg = Release|Any CPU
		{B2DD0558-2CAD-436F-87FC-F25936BF0423}.Release|Any CPU.Build.0 = Release|Any CPU
		{B7DF5F80-6311-4F1B-8573-062D01C1C3C8}.Debug|Any CPU.ActiveCfg = Debug|Any CPU
		{B7DF5F80-6311-4F1B-8573-062D01C1C3C8}.Debug|Any CPU.Build.0 = Debug|Any CPU
		{B7DF5F80-6311-4F1B-8573-062D01C1C3C8}.Release|Any CPU.ActiveCfg = Release|Any CPU
		{B7DF5F80-6311-4F1B-8573-062D01C1C3C8}.Release|Any CPU.Build.0 = Release|Any CPU
	EndGlobalSection
	GlobalSection(SolutionProperties) = preSolution
		HideSolutionNode = FALSE
	EndGlobalSection
	GlobalSection(ExtensibilityGlobals) = postSolution
		SolutionGuid = {B2CC1719-A781-4C75-B12D-AF319DB4C2AD}
	EndGlobalSection
EndGlobal
